
Microsoft Visual Studio Solution File, Format Version 12.00
# Visual Studio Version 17
VisualStudioVersion = 17.8.34525.116
MinimumVisualStudioVersion = 10.0.40219.1
Project("{FAE04EC0-301F-11D3-BF4B-00C04F79EFBC}") = "EncryptionWithEF", "EncryptionWithEF.csproj", "{8037D915-9D6F-4C9C-A274-745DFFFF9D56}"
EndProject
Global
	GlobalSection(SolutionConfigurationPlatforms) = preSolution
		Debug|Any CPU = Debug|Any CPU
		Release|Any CPU = Release|Any CPU
	EndGlobalSection
	GlobalSection(ProjectConfigurationPlatforms) = postSolution
		{8037D915-9D6F-4C9C-A274-745DFFFF9D56}.Debug|Any CPU.ActiveCfg = Debug|Any CPU
		{8037D915-9D6F-4C9C-A274-745DFFFF9D56}.Debug|Any CPU.Build.0 = Debug|Any CPU
		{8037D915-9D6F-4C9C-A274-745DFFFF9D56}.Release|Any CPU.ActiveCfg = Release|Any CPU
		{8037D915-9D6F-4C9C-A274-745DFFFF9D56}.Release|Any CPU.Build.0 = Release|Any CPU
	EndGlobalSection
	GlobalSection(SolutionProperties) = preSolution
		HideSolutionNode = FALSE
	EndGlobalSection
	GlobalSection(ExtensibilityGlobals) = postSolution
		SolutionGuid = {755B5A3E-8803-4575-B591-28A5AC4099E9}
	EndGlobalSection
EndGlobal
